
Microsoft Visual Studio Solution File, Format Version 12.00
# Visual Studio Version 17
VisualStudioVersion = 17.4.33213.308
MinimumVisualStudioVersion = 10.0.40219.1
Project("{FAE04EC0-301F-11D3-BF4B-00C04F79EFBC}") = "Bulkybook", "Bulkybook\Bulkybook.csproj", "{3DD28A7F-61F4-4ED4-9D2D-C904F88D5A05}"
EndProject
Global
	GlobalSection(SolutionConfigurationPlatforms) = preSolution
		Debug|Any CPU = Debug|Any CPU
		Release|Any CPU = Release|Any CPU
	EndGlobalSection
	GlobalSection(ProjectConfigurationPlatforms) = postSolution
		{3DD28A7F-61F4-4ED4-9D2D-C904F88D5A05}.Debug|Any CPU.ActiveCfg = Debug|Any CPU
		{3DD28A7F-61F4-4ED4-9D2D-C904F88D5A05}.Debug|Any CPU.Build.0 = Debug|Any CPU
		{3DD28A7F-61F4-4ED4-9D2D-C904F88D5A05}.Release|Any CPU.ActiveCfg = Release|Any CPU
		{3DD28A7F-61F4-4ED4-9D2D-C904F88D5A05}.Release|Any CPU.Build.0 = Release|Any CPU
	EndGlobalSection
	GlobalSection(SolutionProperties) = preSolution
		HideSolutionNode = FALSE
	EndGlobalSection
	GlobalSection(ExtensibilityGlobals) = postSolution
		SolutionGuid = {7EB830D1-DAC3-40EA-8DB0-5AE0ACA08E04}
	EndGlobalSection
EndGlobal
